
Microsoft Visual Studio Solution File, Format Version 12.00
# Visual Studio 15
VisualStudioVersion = 15.0.28307.271
MinimumVisualStudioVersion = 10.0.40219.1
Project("{FAE04EC0-301F-11D3-BF4B-00C04F79EFBC}") = "MvcMovie", "MvcMovie\MvcMovie.csproj", "{DFDC8512-D57F-44CF-8306-4C0C7F55FD1A}"
EndProject
Project("{FAE04EC0-301F-11D3-BF4B-00C04F79EFBC}") = "Llibreria", "Llibreria\Llibreria.csproj", "{2FF0230A-ECC6-4826-8F5E-6DCD2BFEAD5D}"
EndProject
Project("{FAE04EC0-301F-11D3-BF4B-00C04F79EFBC}") = "ApiVideoClub", "ApiVideoClub\ApiVideoClub.csproj", "{8ACB5038-2083-42C6-98B9-629617173CE1}"
EndProject
Project("{FAE04EC0-301F-11D3-BF4B-00C04F79EFBC}") = "Client", "Client\Client.csproj", "{BBB13C5C-E2DB-4D8F-AA4B-2F24EF250201}"
EndProject
Global
	GlobalSection(SolutionConfigurationPlatforms) = preSolution
		Debug|Any CPU = Debug|Any CPU
		Release|Any CPU = Release|Any CPU
	EndGlobalSection
	GlobalSection(ProjectConfigurationPlatforms) = postSolution
		{DFDC8512-D57F-44CF-8306-4C0C7F55FD1A}.Debug|Any CPU.ActiveCfg = Debug|Any CPU
		{DFDC8512-D57F-44CF-8306-4C0C7F55FD1A}.Debug|Any CPU.Build.0 = Debug|Any CPU
		{DFDC8512-D57F-44CF-8306-4C0C7F55FD1A}.Release|Any CPU.ActiveCfg = Release|Any CPU
		{DFDC8512-D57F-44CF-8306-4C0C7F55FD1A}.Release|Any CPU.Build.0 = Release|Any CPU
		{2FF0230A-ECC6-4826-8F5E-6DCD2BFEAD5D}.Debug|Any CPU.ActiveCfg = Debug|Any CPU
		{2FF0230A-ECC6-4826-8F5E-6DCD2BFEAD5D}.Debug|Any CPU.Build.0 = Debug|Any CPU
		{2FF0230A-ECC6-4826-8F5E-6DCD2BFEAD5D}.Release|Any CPU.ActiveCfg = Release|Any CPU
		{2FF0230A-ECC6-4826-8F5E-6DCD2BFEAD5D}.Release|Any CPU.Build.0 = Release|Any CPU
		{8ACB5038-2083-42C6-98B9-629617173CE1}.Debug|Any CPU.ActiveCfg = Debug|Any CPU
		{8ACB5038-2083-42C6-98B9-629617173CE1}.Debug|Any CPU.Build.0 = Debug|Any CPU
		{8ACB5038-2083-42C6-98B9-629617173CE1}.Release|Any CPU.ActiveCfg = Release|Any CPU
		{8ACB5038-2083-42C6-98B9-629617173CE1}.Release|Any CPU.Build.0 = Release|Any CPU
		{BBB13C5C-E2DB-4D8F-AA4B-2F24EF250201}.Debug|Any CPU.ActiveCfg = Debug|Any CPU
		{BBB13C5C-E2DB-4D8F-AA4B-2F24EF250201}.Debug|Any CPU.Build.0 = Debug|Any CPU
		{BBB13C5C-E2DB-4D8F-AA4B-2F24EF250201}.Release|Any CPU.ActiveCfg = Release|Any CPU
		{BBB13C5C-E2DB-4D8F-AA4B-2F24EF250201}.Release|Any CPU.Build.0 = Release|Any CPU
	EndGlobalSection
	GlobalSection(SolutionProperties) = preSolution
		HideSolutionNode = FALSE
	EndGlobalSection
	GlobalSection(ExtensibilityGlobals) = postSolution
		SolutionGuid = {B8BA7EEC-0F3B-4DA5-94F2-2B1AC58A2345}
	EndGlobalSection
EndGlobal
